
Microsoft Visual Studio Solution File, Format Version 12.00
# Visual Studio Version 16
VisualStudioVersion = 16.0.32106.194
MinimumVisualStudioVersion = 10.0.40219.1
Project("{FAE04EC0-301F-11D3-BF4B-00C04F79EFBC}") = "LargeTwoDigitCalc", "LargeTwoDigitCalc.csproj", "{5F1FFDA0-3B7B-4E11-A359-D9CF0EC6DFC3}"
EndProject
Global
	GlobalSection(SolutionConfigurationPlatforms) = preSolution
		Debug|Any CPU = Debug|Any CPU
		Release|Any CPU = Release|Any CPU
	EndGlobalSection
	GlobalSection(ProjectConfigurationPlatforms) = postSolution
		{5F1FFDA0-3B7B-4E11-A359-D9CF0EC6DFC3}.Debug|Any CPU.ActiveCfg = Debug|Any CPU
		{5F1FFDA0-3B7B-4E11-A359-D9CF0EC6DFC3}.Debug|Any CPU.Build.0 = Debug|Any CPU
		{5F1FFDA0-3B7B-4E11-A359-D9CF0EC6DFC3}.Release|Any CPU.ActiveCfg = Release|Any CPU
		{5F1FFDA0-3B7B-4E11-A359-D9CF0EC6DFC3}.Release|Any CPU.Build.0 = Release|Any CPU
	EndGlobalSection
	GlobalSection(SolutionProperties) = preSolution
		HideSolutionNode = FALSE
	EndGlobalSection
	GlobalSection(ExtensibilityGlobals) = postSolution
		SolutionGuid = {6116867F-7CCA-4B29-A95B-D4CBF62DCA1A}
	EndGlobalSection
EndGlobal
