
Microsoft Visual Studio Solution File, Format Version 12.00
# Visual Studio Version 16
VisualStudioVersion = 16.0.32106.194
MinimumVisualStudioVersion = 10.0.40219.1
Project("{FAE04EC0-301F-11D3-BF4B-00C04F79EFBC}") = "FindLargeNumber", "FindLargeNumber.csproj", "{E0D6351C-2770-45F8-8751-BEC3A9EA8709}"
EndProject
Global
	GlobalSection(SolutionConfigurationPlatforms) = preSolution
		Debug|Any CPU = Debug|Any CPU
		Release|Any CPU = Release|Any CPU
	EndGlobalSection
	GlobalSection(ProjectConfigurationPlatforms) = postSolution
		{E0D6351C-2770-45F8-8751-BEC3A9EA8709}.Debug|Any CPU.ActiveCfg = Debug|Any CPU
		{E0D6351C-2770-45F8-8751-BEC3A9EA8709}.Debug|Any CPU.Build.0 = Debug|Any CPU
		{E0D6351C-2770-45F8-8751-BEC3A9EA8709}.Release|Any CPU.ActiveCfg = Release|Any CPU
		{E0D6351C-2770-45F8-8751-BEC3A9EA8709}.Release|Any CPU.Build.0 = Release|Any CPU
	EndGlobalSection
	GlobalSection(SolutionProperties) = preSolution
		HideSolutionNode = FALSE
	EndGlobalSection
	GlobalSection(ExtensibilityGlobals) = postSolution
		SolutionGuid = {A1502B43-7A85-47FB-910C-303BB0394BA7}
	EndGlobalSection
EndGlobal
